
Microsoft Visual Studio Solution File, Format Version 12.00
# Visual Studio Version 16
VisualStudioVersion = 16.0.31205.134
MinimumVisualStudioVersion = 10.0.40219.1
Project("{9A19103F-16F7-4668-BE54-9A1E7A4F7556}") = "WinFormsApp1", "WinFormsApp1\WinFormsApp1.csproj", "{1533AD7E-8926-4B6A-8368-C2D37504AFC2}"
EndProject
Project("{2150E333-8FDC-42A3-9474-1A3956D46DE8}") = "Solution Items", "Solution Items", "{7897C8BA-A87B-4A20-9F56-D8758CAEFCBB}"
	ProjectSection(SolutionItems) = preProject
		util.cs = util.cs
	EndProjectSection
EndProject
Global
	GlobalSection(SolutionConfigurationPlatforms) = preSolution
		Debug|Any CPU = Debug|Any CPU
		Release|Any CPU = Release|Any CPU
	EndGlobalSection
	GlobalSection(ProjectConfigurationPlatforms) = postSolution
		{1533AD7E-8926-4B6A-8368-C2D37504AFC2}.Debug|Any CPU.ActiveCfg = Debug|Any CPU
		{1533AD7E-8926-4B6A-8368-C2D37504AFC2}.Debug|Any CPU.Build.0 = Debug|Any CPU
		{1533AD7E-8926-4B6A-8368-C2D37504AFC2}.Release|Any CPU.ActiveCfg = Release|Any CPU
		{1533AD7E-8926-4B6A-8368-C2D37504AFC2}.Release|Any CPU.Build.0 = Release|Any CPU
	EndGlobalSection
	GlobalSection(SolutionProperties) = preSolution
		HideSolutionNode = FALSE
	EndGlobalSection
	GlobalSection(ExtensibilityGlobals) = postSolution
		SolutionGuid = {7C650E80-6C0D-41D8-8585-E67E38BA725E}
	EndGlobalSection
EndGlobal
